// !$*UTF8*$!
{
	archiveVersion = 1;
	classes = {
	};
	objectVersion = 46;
	objects = {

/* Begin PBXBuildFile section */
		92002C261DF797D2006911DF /* AppDelegate.swift in Sources */ = {isa = PBXBuildFile; fileRef = 92002C251DF797D2006911DF /* AppDelegate.swift */; };
		92002C281DF797D2006911DF /* ViewController.swift in Sources */ = {isa = PBXBuildFile; fileRef = 92002C271DF797D2006911DF /* ViewController.swift */; };
		92002C2B1DF797D2006911DF /* Main.storyboard in Resources */ = {isa = PBXBuildFile; fileRef = 92002C291DF797D2006911DF /* Main.storyboard */; };
		92002C2D1DF797D2006911DF /* Assets.xcassets in Resources */ = {isa = PBXBuildFile; fileRef = 92002C2C1DF797D2006911DF /* Assets.xcassets */; };
		92002C301DF797D2006911DF /* LaunchScreen.storyboard in Resources */ = {isa = PBXBuildFile; fileRef = 92002C2E1DF797D2006911DF /* LaunchScreen.storyboard */; };
		92002C3B1DF797D2006911DF /* QR_Code_ScannerTests.swift in Sources */ = {isa = PBXBuildFile; fileRef = 92002C3A1DF797D2006911DF /* QR_Code_ScannerTests.swift */; };
		92002C461DF797D2006911DF /* QR_Code_ScannerUITests.swift in Sources */ = {isa = PBXBuildFile; fileRef = 92002C451DF797D2006911DF /* QR_Code_ScannerUITests.swift */; };
		925949511E005E01004B8207 /* SecuritySequence.swift in Sources */ = {isa = PBXBuildFile; fileRef = 925949501E005E01004B8207 /* SecuritySequence.swift */; };
		925949531E005FD7004B8207 /* Constants.swift in Sources */ = {isa = PBXBuildFile; fileRef = 925949521E005FD7004B8207 /* Constants.swift */; };
/* End PBXBuildFile section */

/* Begin PBXContainerItemProxy section */
		92002C371DF797D2006911DF /* PBXContainerItemProxy */ = {
			isa = PBXContainerItemProxy;
			containerPortal = 92002C1A1DF797D2006911DF /* Project object */;
			proxyType = 1;
			remoteGlobalIDString = 92002C211DF797D2006911DF;
			remoteInfo = QR_Code_Scanner;
		};
		92002C421DF797D2006911DF /* PBXContainerItemProxy */ = {
			isa = PBXContainerItemProxy;
			containerPortal = 92002C1A1DF797D2006911DF /* Project object */;
			proxyType = 1;
			remoteGlobalIDString = 92002C211DF797D2006911DF;
			remoteInfo = QR_Code_Scanner;
		};
/* End PBXContainerItemProxy section */

/* Begin PBXFileReference section */
		92002C221DF797D2006911DF /* QR_Code_Scanner.app */ = {isa = PBXFileReference; explicitFileType = wrapper.application; includeInIndex = 0; path = QR_Code_Scanner.app; sourceTree = BUILT_PRODUCTS_DIR; };
		92002C251DF797D2006911DF /* AppDelegate.swift */ = {isa = PBXFileReference; lastKnownFileType = sourcecode.swift; path = AppDelegate.swift; sourceTree = "<group>"; };
		92002C271DF797D2006911DF /* ViewController.swift */ = {isa = PBXFileReference; lastKnownFileType = sourcecode.swift; path = ViewController.swift; sourceTree = "<group>"; };
		92002C2A1DF797D2006911DF /* Base */ = {isa = PBXFileReference; lastKnownFileType = file.storyboard; name = Base; path = Base.lproj/Main.storyboard; sourceTree = "<group>"; };
		92002C2C1DF797D2006911DF /* Assets.xcassets */ = {isa = PBXFileReference; lastKnownFileType = folder.assetcatalog; path = Assets.xcassets; sourceTree = "<group>"; };
		92002C2F1DF797D2006911DF /* Base */ = {isa = PBXFileReference; lastKnownFileType = file.storyboard; name = Base; path = Base.lproj/LaunchScreen.storyboard; sourceTree = "<group>"; };
		92002C311DF797D2006911DF /* Info.plist */ = {isa = PBXFileReference; lastKnownFileType = text.plist.xml; path = Info.plist; sourceTree = "<group>"; };
		92002C361DF797D2006911DF /* QR_Code_ScannerTests.xctest */ = {isa = PBXFileReference; explicitFileType = wrapper.cfbundle; includeInIndex = 0; path = QR_Code_ScannerTests.xctest; sourceTree = BUILT_PRODUCTS_DIR; };
		92002C3A1DF797D2006911DF /* QR_Code_ScannerTests.swift */ = {isa = PBXFileReference; lastKnownFileType = sourcecode.swift; path = QR_Code_ScannerTests.swift; sourceTree = "<group>"; };
		92002C3C1DF797D2006911DF /* Info.plist */ = {isa = PBXFileReference; lastKnownFileType = text.plist.xml; path = Info.plist; sourceTree = "<group>"; };
		92002C411DF797D2006911DF /* QR_Code_ScannerUITests.xctest */ = {isa = PBXFileReference; explicitFileType = wrapper.cfbundle; includeInIndex = 0; path = QR_Code_ScannerUITests.xctest; sourceTree = BUILT_PRODUCTS_DIR; };
		92002C451DF797D2006911DF /* QR_Code_ScannerUITests.swift */ = {isa = PBXFileReference; lastKnownFileType = sourcecode.swift; path = QR_Code_ScannerUITests.swift; sourceTree = "<group>"; };
		92002C471DF797D2006911DF /* Info.plist */ = {isa = PBXFileReference; lastKnownFileType = text.plist.xml; path = Info.plist; sourceTree = "<group>"; };
		923A5C161DFA677200E841F6 /* HeaderBridgeFile.h */ = {isa = PBXFileReference; fileEncoding = 4; lastKnownFileType = sourcecode.c.h; path = HeaderBridgeFile.h; sourceTree = "<group>"; };
		925949501E005E01004B8207 /* SecuritySequence.swift */ = {isa = PBXFileReference; fileEncoding = 4; lastKnownFileType = sourcecode.swift; path = SecuritySequence.swift; sourceTree = "<group>"; };
		925949521E005FD7004B8207 /* Constants.swift */ = {isa = PBXFileReference; fileEncoding = 4; lastKnownFileType = sourcecode.swift; path = Constants.swift; sourceTree = "<group>"; };
/* End PBXFileReference section */

/* Begin PBXFrameworksBuildPhase section */
		92002C1F1DF797D2006911DF /* Frameworks */ = {
			isa = PBXFrameworksBuildPhase;
			buildActionMask = 2147483647;
			files = (
			);
			runOnlyForDeploymentPostprocessing = 0;
		};
		92002C331DF797D2006911DF /* Frameworks */ = {
			isa = PBXFrameworksBuildPhase;
			buildActionMask = 2147483647;
			files = (
			);
			runOnlyForDeploymentPostprocessing = 0;
		};
		92002C3E1DF797D2006911DF /* Frameworks */ = {
			isa = PBXFrameworksBuildPhase;
			buildActionMask = 2147483647;
			files = (
			);
			runOnlyForDeploymentPostprocessing = 0;
		};
/* End PBXFrameworksBuildPhase section */

/* Begin PBXGroup section */
		92002C191DF797D2006911DF = {
			isa = PBXGroup;
			children = (
				92002C241DF797D2006911DF /* QR_Code_Scanner */,
				92002C391DF797D2006911DF /* QR_Code_ScannerTests */,
				92002C441DF797D2006911DF /* QR_Code_ScannerUITests */,
				92002C231DF797D2006911DF /* Products */,
			);
			sourceTree = "<group>";
		};
		92002C231DF797D2006911DF /* Products */ = {
			isa = PBXGroup;
			children = (
				92002C221DF797D2006911DF /* QR_Code_Scanner.app */,
				92002C361DF797D2006911DF /* QR_Code_ScannerTests.xctest */,
				92002C411DF797D2006911DF /* QR_Code_ScannerUITests.xctest */,
			);
			name = Products;
			sourceTree = "<group>";
		};
		92002C241DF797D2006911DF /* QR_Code_Scanner */ = {
			isa = PBXGroup;
			children = (
				92002C251DF797D2006911DF /* AppDelegate.swift */,
				92002C271DF797D2006911DF /* ViewController.swift */,
				925949501E005E01004B8207 /* SecuritySequence.swift */,
				925949521E005FD7004B8207 /* Constants.swift */,
				923A5C161DFA677200E841F6 /* HeaderBridgeFile.h */,
				92002C291DF797D2006911DF /* Main.storyboard */,
				92002C2C1DF797D2006911DF /* Assets.xcassets */,
				92002C2E1DF797D2006911DF /* LaunchScreen.storyboard */,
				92002C311DF797D2006911DF /* Info.plist */,
			);
			path = QR_Code_Scanner;
			sourceTree = "<group>";
		};
		92002C391DF797D2006911DF /* QR_Code_ScannerTests */ = {
			isa = PBXGroup;
			children = (
				92002C3A1DF797D2006911DF /* QR_Code_ScannerTests.swift */,
				92002C3C1DF797D2006911DF /* Info.plist */,
			);
			path = QR_Code_ScannerTests;
			sourceTree = "<group>";
		};
		92002C441DF797D2006911DF /* QR_Code_ScannerUITests */ = {
			isa = PBXGroup;
			children = (
				92002C451DF797D2006911DF /* QR_Code_ScannerUITests.swift */,
				92002C471DF797D2006911DF /* Info.plist */,
			);
			path = QR_Code_ScannerUITests;
			sourceTree = "<group>";
		};
/* End PBXGroup section */

/* Begin PBXNativeTarget section */
		92002C211DF797D2006911DF /* QR_Code_Scanner */ = {
			isa = PBXNativeTarget;
			buildConfigurationList = 92002C4A1DF797D2006911DF /* Build configuration list for PBXNativeTarget "QR_Code_Scanner" */;
			buildPhases = (
				92002C1E1DF797D2006911DF /* Sources */,
				92002C1F1DF797D2006911DF /* Frameworks */,
				92002C201DF797D2006911DF /* Resources */,
			);
			buildRules = (
			);
			dependencies = (
			);
			name = QR_Code_Scanner;
			productName = QR_Code_Scanner;
			productReference = 92002C221DF797D2006911DF /* QR_Code_Scanner.app */;
			productType = "com.apple.product-type.application";
		};
		92002C351DF797D2006911DF /* QR_Code_ScannerTests */ = {
			isa = PBXNativeTarget;
			buildConfigurationList = 92002C4D1DF797D2006911DF /* Build configuration list for PBXNativeTarget "QR_Code_ScannerTests" */;
			buildPhases = (
				92002C321DF797D2006911DF /* Sources */,
				92002C331DF797D2006911DF /* Frameworks */,
				92002C341DF797D2006911DF /* Resources */,
			);
			buildRules = (
			);
			dependencies = (
				92002C381DF797D2006911DF /* PBXTargetDependency */,
			);
			name = QR_Code_ScannerTests;
			productName = QR_Code_ScannerTests;
			productReference = 92002C361DF797D2006911DF /* QR_Code_ScannerTests.xctest */;
			productType = "com.apple.product-type.bundle.unit-test";
		};
		92002C401DF797D2006911DF /* QR_Code_ScannerUITests */ = {
			isa = PBXNativeTarget;
			buildConfigurationList = 92002C501DF797D2006911DF /* Build configuration list for PBXNativeTarget "QR_Code_ScannerUITests" */;
			buildPhases = (
				92002C3D1DF797D2006911DF /* Sources */,
				92002C3E1DF797D2006911DF /* Frameworks */,
				92002C3F1DF797D2006911DF /* Resources */,
			);
			buildRules = (
			);
			dependencies = (
				92002C431DF797D2006911DF /* PBXTargetDependency */,
			);
			name = QR_Code_ScannerUITests;
			productName = QR_Code_ScannerUITests;
			productReference = 92002C411DF797D2006911DF /* QR_Code_ScannerUITests.xctest */;
			productType = "com.apple.product-type.bundle.ui-testing";
		};
/* End PBXNativeTarget section */

/* Begin PBXProject section */
		92002C1A1DF797D2006911DF /* Project object */ = {
			isa = PBXProject;
			attributes = {
				LastSwiftUpdateCheck = 0810;
				LastUpgradeCheck = 0810;
				ORGANIZATIONNAME = Anthony;
				TargetAttributes = {
					92002C211DF797D2006911DF = {
						CreatedOnToolsVersion = 8.1;
						DevelopmentTeam = WUSY57DP6U;
						ProvisioningStyle = Automatic;
					};
					92002C351DF797D2006911DF = {
						CreatedOnToolsVersion = 8.1;
						ProvisioningStyle = Automatic;
						TestTargetID = 92002C211DF797D2006911DF;
					};
					92002C401DF797D2006911DF = {
						CreatedOnToolsVersion = 8.1;
						ProvisioningStyle = Automatic;
						TestTargetID = 92002C211DF797D2006911DF;
					};
				};
			};
			buildConfigurationList = 92002C1D1DF797D2006911DF /* Build configuration list for PBXProject "QR_Code_Scanner" */;
			compatibilityVersion = "Xcode 3.2";
			developmentRegion = English;
			hasScannedForEncodings = 0;
			knownRegions = (
				en,
				Base,
			);
			mainGroup = 92002C191DF797D2006911DF;
			productRefGroup = 92002C231DF797D2006911DF /* Products */;
			projectDirPath = "";
			projectRoot = "";
			targets = (
				92002C211DF797D2006911DF /* QR_Code_Scanner */,
				92002C351DF797D2006911DF /* QR_Code_ScannerTests */,
				92002C401DF797D2006911DF /* QR_Code_ScannerUITests */,
			);
		};
/* End PBXProject section */

/* Begin PBXResourcesBuildPhase section */
		92002C201DF797D2006911DF /* Resources */ = {
			isa = PBXResourcesBuildPhase;
			buildActionMask = 2147483647;
			files = (
				92002C301DF797D2006911DF /* LaunchScreen.storyboard in Resources */,
				92002C2D1DF797D2006911DF /* Assets.xcassets in Resources */,
				92002C2B1DF797D2006911DF /* Main.storyboard in Resources */,
			);
			runOnlyForDeploymentPostprocessing = 0;
		};
		92002C341DF797D2006911DF /* Resources */ = {
			isa = PBXResourcesBuildPhase;
			buildActionMask = 2147483647;
			files = (
			);
			runOnlyForDeploymentPostprocessing = 0;
		};
		92002C3F1DF797D2006911DF /* Resources */ = {
			isa = PBXResourcesBuildPhase;
			buildActionMask = 2147483647;
			files = (
			);
			runOnlyForDeploymentPostprocessing = 0;
		};
/* End PBXResourcesBuildPhase section */

/* Begin PBXSourcesBuildPhase section */
		92002C1E1DF797D2006911DF /* Sources */ = {
			isa = PBXSourcesBuildPhase;
			buildActionMask = 2147483647;
			files = (
				92002C281DF797D2006911DF /* ViewController.swift in Sources */,
				925949531E005FD7004B8207 /* Constants.swift in Sources */,
				925949511E005E01004B8207 /* SecuritySequence.swift in Sources */,
				92002C261DF797D2006911DF /* AppDelegate.swift in Sources */,
			);
			runOnlyForDeploymentPostprocessing = 0;
		};
		92002C321DF797D2006911DF /* Sources */ = {
			isa = PBXSourcesBuildPhase;
			buildActionMask = 2147483647;
			files = (
				92002C3B1DF797D2006911DF /* QR_Code_ScannerTests.swift in Sources */,
			);
			runOnlyForDeploymentPostprocessing = 0;
		};
		92002C3D1DF797D2006911DF /* Sources */ = {
			isa = PBXSourcesBuildPhase;
			buildActionMask = 2147483647;
			files = (
				92002C461DF797D2006911DF /* QR_Code_ScannerUITests.swift in Sources */,
			);
			runOnlyForDeploymentPostprocessing = 0;
		};
/* End PBXSourcesBuildPhase section */

/* Begin PBXTargetDependency section */
		92002C381DF797D2006911DF /* PBXTargetDependency */ = {
			isa = PBXTargetDependency;
			target = 92002C211DF797D2006911DF /* QR_Code_Scanner */;
			targetProxy = 92002C371DF797D2006911DF /* PBXContainerItemProxy */;
		};
		92002C431DF797D2006911DF /* PBXTargetDependency */ = {
			isa = PBXTargetDependency;
			target = 92002C211DF797D2006911DF /* QR_Code_Scanner */;
			targetProxy = 92002C421DF797D2006911DF /* PBXContainerItemProxy */;
		};
/* End PBXTargetDependency section */

/* Begin PBXVariantGroup section */
		92002C291DF797D2006911DF /* Main.storyboard */ = {
			isa = PBXVariantGroup;
			children = (
				92002C2A1DF797D2006911DF /* Base */,
			);
			name = Main.storyboard;
			sourceTree = "<group>";
		};
		92002C2E1DF797D2006911DF /* LaunchScreen.storyboard */ = {
			isa = PBXVariantGroup;
			children = (
				92002C2F1DF797D2006911DF /* Base */,
			);
			name = LaunchScreen.storyboard;
			sourceTree = "<group>";
		};
/* End PBXVariantGroup section */

/* Begin XCBuildConfiguration section */
		92002C481DF797D2006911DF /* Debug */ = {
			isa = XCBuildConfiguration;
			buildSettings = {
				ALWAYS_SEARCH_USER_PATHS = NO;
				CLANG_ANALYZER_NONNULL = YES;
				CLANG_CXX_LANGUAGE_STANDARD = "gnu++0x";
				CLANG_CXX_LIBRARY = "libc++";
				CLANG_ENABLE_MODULES = YES;
				CLANG_ENABLE_OBJC_ARC = YES;
				CLANG_WARN_BOOL_CONVERSION = YES;
				CLANG_WARN_CONSTANT_CONVERSION = YES;
				CLANG_WARN_DIRECT_OBJC_ISA_USAGE = YES_ERROR;
				CLANG_WARN_DOCUMENTATION_COMMENTS = YES;
				CLANG_WARN_EMPTY_BODY = YES;
				CLANG_WARN_ENUM_CONVERSION = YES;
				CLANG_WARN_INFINITE_RECURSION = YES;
				CLANG_WARN_INT_CONVERSION = YES;
				CLANG_WARN_OBJC_ROOT_CLASS = YES_ERROR;
				CLANG_WARN_SUSPICIOUS_MOVES = YES;
				CLANG_WARN_UNREACHABLE_CODE = YES;
				CLANG_WARN__DUPLICATE_METHOD_MATCH = YES;
				"CODE_SIGN_IDENTITY[sdk=iphoneos*]" = "iPhone Developer";
				COPY_PHASE_STRIP = NO;
				DEBUG_INFORMATION_FORMAT = dwarf;
				ENABLE_STRICT_OBJC_MSGSEND = YES;
				ENABLE_TESTABILITY = YES;
				GCC_C_LANGUAGE_STANDARD = gnu99;
				GCC_DYNAMIC_NO_PIC = NO;
				GCC_NO_COMMON_BLOCKS = YES;
				GCC_OPTIMIZATION_LEVEL = 0;
				GCC_PREPROCESSOR_DEFINITIONS = (
					"DEBUG=1",
					"$(inherited)",
				);
				GCC_WARN_64_TO_32_BIT_CONVERSION = YES;
				GCC_WARN_ABOUT_RETURN_TYPE = YES_ERROR;
				GCC_WARN_UNDECLARED_SELECTOR = YES;
				GCC_WARN_UNINITIALIZED_AUTOS = YES_AGGRESSIVE;
				GCC_WARN_UNUSED_FUNCTION = YES;
				GCC_WARN_UNUSED_VARIABLE = YES;
				IPHONEOS_DEPLOYMENT_TARGET = 10.1;
				MTL_ENABLE_DEBUG_INFO = YES;
				ONLY_ACTIVE_ARCH = YES;
				SDKROOT = iphoneos;
				SWIFT_ACTIVE_COMPILATION_CONDITIONS = DEBUG;
				SWIFT_OPTIMIZATION_LEVEL = "-Onone";
			};
			name = Debug;
		};
		92002C491DF797D2006911DF /* Release */ = {
			isa = XCBuildConfiguration;
			buildSettings = {
				ALWAYS_SEARCH_USER_PATHS = NO;
				CLANG_ANALYZER_NONNULL = YES;
				CLANG_CXX_LANGUAGE_STANDARD = "gnu++0x";
				CLANG_CXX_LIBRARY = "libc++";
				CLANG_ENABLE_MODULES = YES;
				CLANG_ENABLE_OBJC_ARC = YES;
				CLANG_WARN_BOOL_CONVERSION = YES;
				CLANG_WARN_CONSTANT_CONVERSION = YES;
				CLANG_WARN_DIRECT_OBJC_ISA_USAGE = YES_ERROR;
				CLANG_WARN_DOCUMENTATION_COMMENTS = YES;
				CLANG_WARN_EMPTY_BODY = YES;
				CLANG_WARN_ENUM_CONVERSION = YES;
				CLANG_WARN_INFINITE_RECURSION = YES;
				CLANG_WARN_INT_CONVERSION = YES;
				CLANG_WARN_OBJC_ROOT_CLASS = YES_ERROR;
				CLANG_WARN_SUSPICIOUS_MOVES = YES;
				CLANG_WARN_UNREACHABLE_CODE = YES;
				CLANG_WARN__DUPLICATE_METHOD_MATCH = YES;
				"CODE_SIGN_IDENTITY[sdk=iphoneos*]" = "iPhone Developer";
				COPY_PHASE_STRIP = NO;
				DEBUG_INFORMATION_FORMAT = "dwarf-with-dsym";
				ENABLE_NS_ASSERTIONS = NO;
				ENABLE_STRICT_OBJC_MSGSEND = YES;
				GCC_C_LANGUAGE_STANDARD = gnu99;
				GCC_NO_COMMON_BLOCKS = YES;
				GCC_WARN_64_TO_32_BIT_CONVERSION = YES;
				GCC_WARN_ABOUT_RETURN_TYPE = YES_ERROR;
				GCC_WARN_UNDECLARED_SELECTOR = YES;
				GCC_WARN_UNINITIALIZED_AUTOS = YES_AGGRESSIVE;
				GCC_WARN_UNUSED_FUNCTION = YES;
				GCC_WARN_UNUSED_VARIABLE = YES;
				IPHONEOS_DEPLOYMENT_TARGET = 10.1;
				MTL_ENABLE_DEBUG_INFO = NO;
				SDKROOT = iphoneos;
				SWIFT_OPTIMIZATION_LEVEL = "-Owholemodule";
				VALIDATE_PRODUCT = YES;
			};
			name = Release;
		};
		92002C4B1DF797D2006911DF /* Debug */ = {
			isa = XCBuildConfiguration;
			buildSettings = {
				ASSETCATALOG_COMPILER_APPICON_NAME = AppIcon;
				"CODE_SIGN_IDENTITY[sdk=iphoneos*]" = "iPhone Developer";
				DEVELOPMENT_TEAM = WUSY57DP6U;
				INFOPLIST_FILE = QR_Code_Scanner/Info.plist;
				LD_RUNPATH_SEARCH_PATHS = "$(inherited) @executable_path/Frameworks";
				PRODUCT_BUNDLE_IDENTIFIER = "Ant.QR-Code-Scanner";
				PRODUCT_NAME = "$(TARGET_NAME)";
				SWIFT_OBJC_BRIDGING_HEADER = QR_Code_Scanner/HeaderBridgeFile.h;
				SWIFT_VERSION = 3.0;
				USER_HEADER_SEARCH_PATHS = "Pods/**";
			};
			name = Debug;
		};
		92002C4C1DF797D2006911DF /* Release */ = {
			isa = XCBuildConfiguration;
			buildSettings = {
				ASSETCATALOG_COMPILER_APPICON_NAME = AppIcon;
				"CODE_SIGN_IDENTITY[sdk=iphoneos*]" = "iPhone Developer";
				DEVELOPMENT_TEAM = WUSY57DP6U;
				INFOPLIST_FILE = QR_Code_Scanner/Info.plist;
				LD_RUNPATH_SEARCH_PATHS = "$(inherited) @executable_path/Frameworks";
				PRODUCT_BUNDLE_IDENTIFIER = "Ant.QR-Code-Scanner";
				PRODUCT_NAME = "$(TARGET_NAME)";
				SWIFT_OBJC_BRIDGING_HEADER = QR_Code_Scanner/HeaderBridgeFile.h;
				SWIFT_VERSION = 3.0;
				USER_HEADER_SEARCH_PATHS = "Pods/**";
			};
			name = Release;
		};
		92002C4E1DF797D2006911DF /* Debug */ = {
			isa = XCBuildConfiguration;
			buildSettings = {
				ALWAYS_EMBED_SWIFT_STANDARD_LIBRARIES = YES;
				BUNDLE_LOADER = "$(TEST_HOST)";
				INFOPLIST_FILE = QR_Code_ScannerTests/Info.plist;
				LD_RUNPATH_SEARCH_PATHS = "$(inherited) @executable_path/Frameworks @loader_path/Frameworks";
				PRODUCT_BUNDLE_IDENTIFIER = "Ant.QR-Code-ScannerTests";
				PRODUCT_NAME = "$(TARGET_NAME)";
				SWIFT_VERSION = 3.0;
				TEST_HOST = "$(BUILT_PRODUCTS_DIR)/QR_Code_Scanner.app/QR_Code_Scanner";
			};
			name = Debug;
		};
		92002C4F1DF797D2006911DF /* Release */ = {
			isa = XCBuildConfiguration;
			buildSettings = {
				ALWAYS_EMBED_SWIFT_STANDARD_LIBRARIES = YES;
				BUNDLE_LOADER = "$(TEST_HOST)";
				INFOPLIST_FILE = QR_Code_ScannerTests/Info.plist;
				LD_RUNPATH_SEARCH_PATHS = "$(inherited) @executable_path/Frameworks @loader_path/Frameworks";
				PRODUCT_BUNDLE_IDENTIFIER = "Ant.QR-Code-ScannerTests";
				PRODUCT_NAME = "$(TARGET_NAME)";
				SWIFT_VERSION = 3.0;
				TEST_HOST = "$(BUILT_PRODUCTS_DIR)/QR_Code_Scanner.app/QR_Code_Scanner";
			};
			name = Release;
		};
		92002C511DF797D2006911DF /* Debug */ = {
			isa = XCBuildConfiguration;
			buildSettings = {
				ALWAYS_EMBED_SWIFT_STANDARD_LIBRARIES = YES;
				INFOPLIST_FILE = QR_Code_ScannerUITests/Info.plist;
				LD_RUNPATH_SEARCH_PATHS = "$(inherited) @executable_path/Frameworks @loader_path/Frameworks";
				PRODUCT_BUNDLE_IDENTIFIER = "Ant.QR-Code-ScannerUITests";
				PRODUCT_NAME = "$(TARGET_NAME)";
				SWIFT_VERSION = 3.0;
				TEST_TARGET_NAME = QR_Code_Scanner;
			};
			name = Debug;
		};
		92002C521DF797D2006911DF /* Release */ = {
			isa = XCBuildConfiguration;
			buildSettings = {
				ALWAYS_EMBED_SWIFT_STANDARD_LIBRARIES = YES;
				INFOPLIST_FILE = QR_Code_ScannerUITests/Info.plist;
				LD_RUNPATH_SEARCH_PATHS = "$(inherited) @executable_path/Frameworks @loader_path/Frameworks";
				PRODUCT_BUNDLE_IDENTIFIER = "Ant.QR-Code-ScannerUITests";
				PRODUCT_NAME = "$(TARGET_NAME)";
				SWIFT_VERSION = 3.0;
				TEST_TARGET_NAME = QR_Code_Scanner;
			};
			name = Release;
		};
/* End XCBuildConfiguration section */

/* Begin XCConfigurationList section */
		92002C1D1DF797D2006911DF /* Build configuration list for PBXProject "QR_Code_Scanner" */ = {
			isa = XCConfigurationList;
			buildConfigurations = (
				92002C481DF797D2006911DF /* Debug */,
				92002C491DF797D2006911DF /* Release */,
			);
			defaultConfigurationIsVisible = 0;
			defaultConfigurationName = Release;
		};
		92002C4A1DF797D2006911DF /* Build configuration list for PBXNativeTarget "QR_Code_Scanner" */ = {
			isa = XCConfigurationList;
			buildConfigurations = (
				92002C4B1DF797D2006911DF /* Debug */,
				92002C4C1DF797D2006911DF /* Release */,
			);
			defaultConfigurationIsVisible = 0;
			defaultConfigurationName = Release;
		};
		92002C4D1DF797D2006911DF /* Build configuration list for PBXNativeTarget "QR_Code_ScannerTests" */ = {
			isa = XCConfigurationList;
			buildConfigurations = (
				92002C4E1DF797D2006911DF /* Debug */,
				92002C4F1DF797D2006911DF /* Release */,
			);
			defaultConfigurationIsVisible = 0;
			defaultConfigurationName = Release;
		};
		92002C501DF797D2006911DF /* Build configuration list for PBXNativeTarget "QR_Code_ScannerUITests" */ = {
			isa = XCConfigurationList;
			buildConfigurations = (
				92002C511DF797D2006911DF /* Debug */,
				92002C521DF797D2006911DF /* Release */,
			);
			defaultConfigurationIsVisible = 0;
			defaultConfigurationName = Release;
		};
/* End XCConfigurationList section */
	};
	rootObject = 92002C1A1DF797D2006911DF /* Project object */;
}
